
Microsoft Visual Studio Solution File, Format Version 12.00
# Visual Studio Version 17
VisualStudioVersion = 17.9.34723.18
MinimumVisualStudioVersion = 10.0.40219.1
Project("{FAE04EC0-301F-11D3-BF4B-00C04F79EFBC}") = "RunningAppAPI", "RunningAppAPI\RunningAppAPI.csproj", "{A687EB2E-E888-46A0-993C-1CFB0EFF75A8}"
EndProject
Project("{FAE04EC0-301F-11D3-BF4B-00C04F79EFBC}") = "RunningAppData", "Data\RunningAppData.csproj", "{23A43761-6AAA-4077-AB65-313CA16EFFC2}"
EndProject
Project("{FAE04EC0-301F-11D3-BF4B-00C04F79EFBC}") = "RunningAppModel", "Model\RunningAppModel.csproj", "{0BCFA7AD-E15C-40C1-AD82-592E74B6099B}"
EndProject
Project("{FAE04EC0-301F-11D3-BF4B-00C04F79EFBC}") = "RunningAppServices", "Services\RunningAppServices.csproj", "{5E4DC268-9FF3-497C-B7B9-F974E42683C8}"
EndProject
Global
	GlobalSection(SolutionConfigurationPlatforms) = preSolution
		Debug|Any CPU = Debug|Any CPU
		Release|Any CPU = Release|Any CPU
	EndGlobalSection
	GlobalSection(ProjectConfigurationPlatforms) = postSolution
		{A687EB2E-E888-46A0-993C-1CFB0EFF75A8}.Debug|Any CPU.ActiveCfg = Debug|Any CPU
		{A687EB2E-E888-46A0-993C-1CFB0EFF75A8}.Debug|Any CPU.Build.0 = Debug|Any CPU
		{A687EB2E-E888-46A0-993C-1CFB0EFF75A8}.Release|Any CPU.ActiveCfg = Release|Any CPU
		{A687EB2E-E888-46A0-993C-1CFB0EFF75A8}.Release|Any CPU.Build.0 = Release|Any CPU
		{23A43761-6AAA-4077-AB65-313CA16EFFC2}.Debug|Any CPU.ActiveCfg = Debug|Any CPU
		{23A43761-6AAA-4077-AB65-313CA16EFFC2}.Debug|Any CPU.Build.0 = Debug|Any CPU
		{23A43761-6AAA-4077-AB65-313CA16EFFC2}.Release|Any CPU.ActiveCfg = Release|Any CPU
		{23A43761-6AAA-4077-AB65-313CA16EFFC2}.Release|Any CPU.Build.0 = Release|Any CPU
		{0BCFA7AD-E15C-40C1-AD82-592E74B6099B}.Debug|Any CPU.ActiveCfg = Debug|Any CPU
		{0BCFA7AD-E15C-40C1-AD82-592E74B6099B}.Debug|Any CPU.Build.0 = Debug|Any CPU
		{0BCFA7AD-E15C-40C1-AD82-592E74B6099B}.Release|Any CPU.ActiveCfg = Release|Any CPU
		{0BCFA7AD-E15C-40C1-AD82-592E74B6099B}.Release|Any CPU.Build.0 = Release|Any CPU
		{5E4DC268-9FF3-497C-B7B9-F974E42683C8}.Debug|Any CPU.ActiveCfg = Debug|Any CPU
		{5E4DC268-9FF3-497C-B7B9-F974E42683C8}.Debug|Any CPU.Build.0 = Debug|Any CPU
		{5E4DC268-9FF3-497C-B7B9-F974E42683C8}.Release|Any CPU.ActiveCfg = Release|Any CPU
		{5E4DC268-9FF3-497C-B7B9-F974E42683C8}.Release|Any CPU.Build.0 = Release|Any CPU
	EndGlobalSection
	GlobalSection(SolutionProperties) = preSolution
		HideSolutionNode = FALSE
	EndGlobalSection
	GlobalSection(ExtensibilityGlobals) = postSolution
		SolutionGuid = {6539DFB3-DC9A-498B-97D3-DEDDEF99ECF3}
	EndGlobalSection
EndGlobal
